
Microsoft Visual Studio Solution File, Format Version 12.00
Project("{FAE04EC0-301F-11D3-BF4B-00C04F79EFBC}") = "sztf2mintazh2", "sztf2mintazh2\sztf2mintazh2.csproj", "{9BC9FAD3-B7DA-4FCD-BBC3-842762782390}"
EndProject
Global
	GlobalSection(SolutionConfigurationPlatforms) = preSolution
		Debug|Any CPU = Debug|Any CPU
		Release|Any CPU = Release|Any CPU
	EndGlobalSection
	GlobalSection(ProjectConfigurationPlatforms) = postSolution
		{9BC9FAD3-B7DA-4FCD-BBC3-842762782390}.Debug|Any CPU.ActiveCfg = Debug|Any CPU
		{9BC9FAD3-B7DA-4FCD-BBC3-842762782390}.Debug|Any CPU.Build.0 = Debug|Any CPU
		{9BC9FAD3-B7DA-4FCD-BBC3-842762782390}.Release|Any CPU.ActiveCfg = Release|Any CPU
		{9BC9FAD3-B7DA-4FCD-BBC3-842762782390}.Release|Any CPU.Build.0 = Release|Any CPU
	EndGlobalSection
EndGlobal
